
Microsoft Visual Studio Solution File, Format Version 12.00
# Visual Studio Version 16
VisualStudioVersion = 16.0.28729.10
MinimumVisualStudioVersion = 10.0.40219.1
Project("{8BC9CEB8-8B4A-11D0-8D11-00A0C91BC942}") = "Lesson20_1", "Lesson20_1\Lesson20_1.vcxproj", "{AE685D44-EF61-417C-A2DA-C6D781BEDF18}"
EndProject
Global
	GlobalSection(SolutionConfigurationPlatforms) = preSolution
		Debug|x64 = Debug|x64
		Debug|x86 = Debug|x86
		Release|x64 = Release|x64
		Release|x86 = Release|x86
	EndGlobalSection
	GlobalSection(ProjectConfigurationPlatforms) = postSolution
		{AE685D44-EF61-417C-A2DA-C6D781BEDF18}.Debug|x64.ActiveCfg = Debug|x64
		{AE685D44-EF61-417C-A2DA-C6D781BEDF18}.Debug|x64.Build.0 = Debug|x64
		{AE685D44-EF61-417C-A2DA-C6D781BEDF18}.Debug|x86.ActiveCfg = Debug|Win32
		{AE685D44-EF61-417C-A2DA-C6D781BEDF18}.Debug|x86.Build.0 = Debug|Win32
		{AE685D44-EF61-417C-A2DA-C6D781BEDF18}.Release|x64.ActiveCfg = Release|x64
		{AE685D44-EF61-417C-A2DA-C6D781BEDF18}.Release|x64.Build.0 = Release|x64
		{AE685D44-EF61-417C-A2DA-C6D781BEDF18}.Release|x86.ActiveCfg = Release|Win32
		{AE685D44-EF61-417C-A2DA-C6D781BEDF18}.Release|x86.Build.0 = Release|Win32
	EndGlobalSection
	GlobalSection(SolutionProperties) = preSolution
		HideSolutionNode = FALSE
	EndGlobalSection
	GlobalSection(ExtensibilityGlobals) = postSolution
		SolutionGuid = {AA76B610-EA2B-458A-8CFB-468F8F51AAC9}
	EndGlobalSection
EndGlobal
